
Microsoft Visual Studio Solution File, Format Version 12.00
# Visual Studio 2013
VisualStudioVersion = 12.0.21005.1
MinimumVisualStudioVersion = 10.0.40219.1
Project("{FAE04EC0-301F-11D3-BF4B-00C04F79EFBC}") = "TcpClient", "TcpClient\TcpClient.csproj", "{5195BCB2-0116-4AB3-861F-8AD117E89DBA}"
EndProject
Project("{FAE04EC0-301F-11D3-BF4B-00C04F79EFBC}") = "UdpClient", "UdpClient\UdpClient.csproj", "{07DED11A-F28E-4198-A0AD-28EE42CF3F41}"
EndProject
Global
	GlobalSection(SolutionConfigurationPlatforms) = preSolution
		Debug|Any CPU = Debug|Any CPU
		Release|Any CPU = Release|Any CPU
	EndGlobalSection
	GlobalSection(ProjectConfigurationPlatforms) = postSolution
		{5195BCB2-0116-4AB3-861F-8AD117E89DBA}.Debug|Any CPU.ActiveCfg = Debug|Any CPU
		{5195BCB2-0116-4AB3-861F-8AD117E89DBA}.Debug|Any CPU.Build.0 = Debug|Any CPU
		{5195BCB2-0116-4AB3-861F-8AD117E89DBA}.Release|Any CPU.ActiveCfg = Release|Any CPU
		{5195BCB2-0116-4AB3-861F-8AD117E89DBA}.Release|Any CPU.Build.0 = Release|Any CPU
		{07DED11A-F28E-4198-A0AD-28EE42CF3F41}.Debug|Any CPU.ActiveCfg = Debug|Any CPU
		{07DED11A-F28E-4198-A0AD-28EE42CF3F41}.Debug|Any CPU.Build.0 = Debug|Any CPU
		{07DED11A-F28E-4198-A0AD-28EE42CF3F41}.Release|Any CPU.ActiveCfg = Release|Any CPU
		{07DED11A-F28E-4198-A0AD-28EE42CF3F41}.Release|Any CPU.Build.0 = Release|Any CPU
	EndGlobalSection
	GlobalSection(SolutionProperties) = preSolution
		HideSolutionNode = FALSE
	EndGlobalSection
EndGlobal
